// !$*UTF8*$!
{
	archiveVersion = 1;
	classes = {
	};
	objectVersion = 46;
	objects = {

/* Begin PBXBuildFile section */
		633AE00B1C3471E80026ECC1 /* AppDelegate.swift in Sources */ = {isa = PBXBuildFile; fileRef = 633AE00A1C3471E80026ECC1 /* AppDelegate.swift */; };
		633AE00D1C3471E80026ECC1 /* ViewController.swift in Sources */ = {isa = PBXBuildFile; fileRef = 633AE00C1C3471E80026ECC1 /* ViewController.swift */; };
		633AE0101C3471E80026ECC1 /* Main.storyboard in Resources */ = {isa = PBXBuildFile; fileRef = 633AE00E1C3471E80026ECC1 /* Main.storyboard */; };
		633AE0121C3471E80026ECC1 /* Assets.xcassets in Resources */ = {isa = PBXBuildFile; fileRef = 633AE0111C3471E80026ECC1 /* Assets.xcassets */; };
		633AE0151C3471E80026ECC1 /* LaunchScreen.storyboard in Resources */ = {isa = PBXBuildFile; fileRef = 633AE0131C3471E80026ECC1 /* LaunchScreen.storyboard */; };
		633AE0201C3471E80026ECC1 /* Tips_CalculatorTests.swift in Sources */ = {isa = PBXBuildFile; fileRef = 633AE01F1C3471E80026ECC1 /* Tips_CalculatorTests.swift */; };
		633AE02B1C3471E80026ECC1 /* Tips_CalculatorUITests.swift in Sources */ = {isa = PBXBuildFile; fileRef = 633AE02A1C3471E80026ECC1 /* Tips_CalculatorUITests.swift */; };
/* End PBXBuildFile section */

/* Begin PBXContainerItemProxy section */
		633AE01C1C3471E80026ECC1 /* PBXContainerItemProxy */ = {
			isa = PBXContainerItemProxy;
			containerPortal = 633ADFFF1C3471E70026ECC1 /* Project object */;
			proxyType = 1;
			remoteGlobalIDString = 633AE0061C3471E70026ECC1;
			remoteInfo = "Tips Calculator";
		};
		633AE0271C3471E80026ECC1 /* PBXContainerItemProxy */ = {
			isa = PBXContainerItemProxy;
			containerPortal = 633ADFFF1C3471E70026ECC1 /* Project object */;
			proxyType = 1;
			remoteGlobalIDString = 633AE0061C3471E70026ECC1;
			remoteInfo = "Tips Calculator";
		};
/* End PBXContainerItemProxy section */

/* Begin PBXFileReference section */
		633AE0071C3471E70026ECC1 /* Tips Calculator.app */ = {isa = PBXFileReference; explicitFileType = wrapper.application; includeInIndex = 0; path = "Tips Calculator.app"; sourceTree = BUILT_PRODUCTS_DIR; };
		633AE00A1C3471E80026ECC1 /* AppDelegate.swift */ = {isa = PBXFileReference; lastKnownFileType = sourcecode.swift; path = AppDelegate.swift; sourceTree = "<group>"; };
		633AE00C1C3471E80026ECC1 /* ViewController.swift */ = {isa = PBXFileReference; lastKnownFileType = sourcecode.swift; path = ViewController.swift; sourceTree = "<group>"; };
		633AE00F1C3471E80026ECC1 /* Base */ = {isa = PBXFileReference; lastKnownFileType = file.storyboard; name = Base; path = Base.lproj/Main.storyboard; sourceTree = "<group>"; };
		633AE0111C3471E80026ECC1 /* Assets.xcassets */ = {isa = PBXFileReference; lastKnownFileType = folder.assetcatalog; path = Assets.xcassets; sourceTree = "<group>"; };
		633AE0141C3471E80026ECC1 /* Base */ = {isa = PBXFileReference; lastKnownFileType = file.storyboard; name = Base; path = Base.lproj/LaunchScreen.storyboard; sourceTree = "<group>"; };
		633AE0161C3471E80026ECC1 /* Info.plist */ = {isa = PBXFileReference; lastKnownFileType = text.plist.xml; path = Info.plist; sourceTree = "<group>"; };
		633AE01B1C3471E80026ECC1 /* Tips CalculatorTests.xctest */ = {isa = PBXFileReference; explicitFileType = wrapper.cfbundle; includeInIndex = 0; path = "Tips CalculatorTests.xctest"; sourceTree = BUILT_PRODUCTS_DIR; };
		633AE01F1C3471E80026ECC1 /* Tips_CalculatorTests.swift */ = {isa = PBXFileReference; lastKnownFileType = sourcecode.swift; path = Tips_CalculatorTests.swift; sourceTree = "<group>"; };
		633AE0211C3471E80026ECC1 /* Info.plist */ = {isa = PBXFileReference; lastKnownFileType = text.plist.xml; path = Info.plist; sourceTree = "<group>"; };
		633AE0261C3471E80026ECC1 /* Tips CalculatorUITests.xctest */ = {isa = PBXFileReference; explicitFileType = wrapper.cfbundle; includeInIndex = 0; path = "Tips CalculatorUITests.xctest"; sourceTree = BUILT_PRODUCTS_DIR; };
		633AE02A1C3471E80026ECC1 /* Tips_CalculatorUITests.swift */ = {isa = PBXFileReference; lastKnownFileType = sourcecode.swift; path = Tips_CalculatorUITests.swift; sourceTree = "<group>"; };
		633AE02C1C3471E80026ECC1 /* Info.plist */ = {isa = PBXFileReference; lastKnownFileType = text.plist.xml; path = Info.plist; sourceTree = "<group>"; };
/* End PBXFileReference section */

/* Begin PBXFrameworksBuildPhase section */
		633AE0041C3471E70026ECC1 /* Frameworks */ = {
			isa = PBXFrameworksBuildPhase;
			buildActionMask = 2147483647;
			files = (
			);
			runOnlyForDeploymentPostprocessing = 0;
		};
		633AE0181C3471E80026ECC1 /* Frameworks */ = {
			isa = PBXFrameworksBuildPhase;
			buildActionMask = 2147483647;
			files = (
			);
			runOnlyForDeploymentPostprocessing = 0;
		};
		633AE0231C3471E80026ECC1 /* Frameworks */ = {
			isa = PBXFrameworksBuildPhase;
			buildActionMask = 2147483647;
			files = (
			);
			runOnlyForDeploymentPostprocessing = 0;
		};
/* End PBXFrameworksBuildPhase section */

/* Begin PBXGroup section */
		633ADFFE1C3471E70026ECC1 = {
			isa = PBXGroup;
			children = (
				633AE0091C3471E70026ECC1 /* Tips Calculator */,
				633AE01E1C3471E80026ECC1 /* Tips CalculatorTests */,
				633AE0291C3471E80026ECC1 /* Tips CalculatorUITests */,
				633AE0081C3471E70026ECC1 /* Products */,
			);
			sourceTree = "<group>";
		};
		633AE0081C3471E70026ECC1 /* Products */ = {
			isa = PBXGroup;
			children = (
				633AE0071C3471E70026ECC1 /* Tips Calculator.app */,
				633AE01B1C3471E80026ECC1 /* Tips CalculatorTests.xctest */,
				633AE0261C3471E80026ECC1 /* Tips CalculatorUITests.xctest */,
			);
			name = Products;
			sourceTree = "<group>";
		};
		633AE0091C3471E70026ECC1 /* Tips Calculator */ = {
			isa = PBXGroup;
			children = (
				633AE00A1C3471E80026ECC1 /* AppDelegate.swift */,
				633AE00C1C3471E80026ECC1 /* ViewController.swift */,
				633AE00E1C3471E80026ECC1 /* Main.storyboard */,
				633AE0111C3471E80026ECC1 /* Assets.xcassets */,
				633AE0131C3471E80026ECC1 /* LaunchScreen.storyboard */,
				633AE0161C3471E80026ECC1 /* Info.plist */,
			);
			path = "Tips Calculator";
			sourceTree = "<group>";
		};
		633AE01E1C3471E80026ECC1 /* Tips CalculatorTests */ = {
			isa = PBXGroup;
			children = (
				633AE01F1C3471E80026ECC1 /* Tips_CalculatorTests.swift */,
				633AE0211C3471E80026ECC1 /* Info.plist */,
			);
			path = "Tips CalculatorTests";
			sourceTree = "<group>";
		};
		633AE0291C3471E80026ECC1 /* Tips CalculatorUITests */ = {
			isa = PBXGroup;
			children = (
				633AE02A1C3471E80026ECC1 /* Tips_CalculatorUITests.swift */,
				633AE02C1C3471E80026ECC1 /* Info.plist */,
			);
			path = "Tips CalculatorUITests";
			sourceTree = "<group>";
		};
/* End PBXGroup section */

/* Begin PBXNativeTarget section */
		633AE0061C3471E70026ECC1 /* Tips Calculator */ = {
			isa = PBXNativeTarget;
			buildConfigurationList = 633AE02F1C3471E80026ECC1 /* Build configuration list for PBXNativeTarget "Tips Calculator" */;
			buildPhases = (
				633AE0031C3471E70026ECC1 /* Sources */,
				633AE0041C3471E70026ECC1 /* Frameworks */,
				633AE0051C3471E70026ECC1 /* Resources */,
			);
			buildRules = (
			);
			dependencies = (
			);
			name = "Tips Calculator";
			productName = "Tips Calculator";
			productReference = 633AE0071C3471E70026ECC1 /* Tips Calculator.app */;
			productType = "com.apple.product-type.application";
		};
		633AE01A1C3471E80026ECC1 /* Tips CalculatorTests */ = {
			isa = PBXNativeTarget;
			buildConfigurationList = 633AE0321C3471E80026ECC1 /* Build configuration list for PBXNativeTarget "Tips CalculatorTests" */;
			buildPhases = (
				633AE0171C3471E80026ECC1 /* Sources */,
				633AE0181C3471E80026ECC1 /* Frameworks */,
				633AE0191C3471E80026ECC1 /* Resources */,
			);
			buildRules = (
			);
			dependencies = (
				633AE01D1C3471E80026ECC1 /* PBXTargetDependency */,
			);
			name = "Tips CalculatorTests";
			productName = "Tips CalculatorTests";
			productReference = 633AE01B1C3471E80026ECC1 /* Tips CalculatorTests.xctest */;
			productType = "com.apple.product-type.bundle.unit-test";
		};
		633AE0251C3471E80026ECC1 /* Tips CalculatorUITests */ = {
			isa = PBXNativeTarget;
			buildConfigurationList = 633AE0351C3471E80026ECC1 /* Build configuration list for PBXNativeTarget "Tips CalculatorUITests" */;
			buildPhases = (
				633AE0221C3471E80026ECC1 /* Sources */,
				633AE0231C3471E80026ECC1 /* Frameworks */,
				633AE0241C3471E80026ECC1 /* Resources */,
			);
			buildRules = (
			);
			dependencies = (
				633AE0281C3471E80026ECC1 /* PBXTargetDependency */,
			);
			name = "Tips CalculatorUITests";
			productName = "Tips CalculatorUITests";
			productReference = 633AE0261C3471E80026ECC1 /* Tips CalculatorUITests.xctest */;
			productType = "com.apple.product-type.bundle.ui-testing";
		};
/* End PBXNativeTarget section */

/* Begin PBXProject section */
		633ADFFF1C3471E70026ECC1 /* Project object */ = {
			isa = PBXProject;
			attributes = {
				LastSwiftUpdateCheck = 0720;
				LastUpgradeCheck = 0720;
				ORGANIZATIONNAME = "Tiant Holloway";
				TargetAttributes = {
					633AE0061C3471E70026ECC1 = {
						CreatedOnToolsVersion = 7.2;
					};
					633AE01A1C3471E80026ECC1 = {
						CreatedOnToolsVersion = 7.2;
						TestTargetID = 633AE0061C3471E70026ECC1;
					};
					633AE0251C3471E80026ECC1 = {
						CreatedOnToolsVersion = 7.2;
						TestTargetID = 633AE0061C3471E70026ECC1;
					};
				};
			};
			buildConfigurationList = 633AE0021C3471E70026ECC1 /* Build configuration list for PBXProject "Tips Calculator" */;
			compatibilityVersion = "Xcode 3.2";
			developmentRegion = English;
			hasScannedForEncodings = 0;
			knownRegions = (
				en,
				Base,
			);
			mainGroup = 633ADFFE1C3471E70026ECC1;
			productRefGroup = 633AE0081C3471E70026ECC1 /* Products */;
			projectDirPath = "";
			projectRoot = "";
			targets = (
				633AE0061C3471E70026ECC1 /* Tips Calculator */,
				633AE01A1C3471E80026ECC1 /* Tips CalculatorTests */,
				633AE0251C3471E80026ECC1 /* Tips CalculatorUITests */,
			);
		};
/* End PBXProject section */

/* Begin PBXResourcesBuildPhase section */
		633AE0051C3471E70026ECC1 /* Resources */ = {
			isa = PBXResourcesBuildPhase;
			buildActionMask = 2147483647;
			files = (
				633AE0151C3471E80026ECC1 /* LaunchScreen.storyboard in Resources */,
				633AE0121C3471E80026ECC1 /* Assets.xcassets in Resources */,
				633AE0101C3471E80026ECC1 /* Main.storyboard in Resources */,
			);
			runOnlyForDeploymentPostprocessing = 0;
		};
		633AE0191C3471E80026ECC1 /* Resources */ = {
			isa = PBXResourcesBuildPhase;
			buildActionMask = 2147483647;
			files = (
			);
			runOnlyForDeploymentPostprocessing = 0;
		};
		633AE0241C3471E80026ECC1 /* Resources */ = {
			isa = PBXResourcesBuildPhase;
			buildActionMask = 2147483647;
			files = (
			);
			runOnlyForDeploymentPostprocessing = 0;
		};
/* End PBXResourcesBuildPhase section */

/* Begin PBXSourcesBuildPhase section */
		633AE0031C3471E70026ECC1 /* Sources */ = {
			isa = PBXSourcesBuildPhase;
			buildActionMask = 2147483647;
			files = (
				633AE00D1C3471E80026ECC1 /* ViewController.swift in Sources */,
				633AE00B1C3471E80026ECC1 /* AppDelegate.swift in Sources */,
			);
			runOnlyForDeploymentPostprocessing = 0;
		};
		633AE0171C3471E80026ECC1 /* Sources */ = {
			isa = PBXSourcesBuildPhase;
			buildActionMask = 2147483647;
			files = (
				633AE0201C3471E80026ECC1 /* Tips_CalculatorTests.swift in Sources */,
			);
			runOnlyForDeploymentPostprocessing = 0;
		};
		633AE0221C3471E80026ECC1 /* Sources */ = {
			isa = PBXSourcesBuildPhase;
			buildActionMask = 2147483647;
			files = (
				633AE02B1C3471E80026ECC1 /* Tips_CalculatorUITests.swift in Sources */,
			);
			runOnlyForDeploymentPostprocessing = 0;
		};
/* End PBXSourcesBuildPhase section */

/* Begin PBXTargetDependency section */
		633AE01D1C3471E80026ECC1 /* PBXTargetDependency */ = {
			isa = PBXTargetDependency;
			target = 633AE0061C3471E70026ECC1 /* Tips Calculator */;
			targetProxy = 633AE01C1C3471E80026ECC1 /* PBXContainerItemProxy */;
		};
		633AE0281C3471E80026ECC1 /* PBXTargetDependency */ = {
			isa = PBXTargetDependency;
			target = 633AE0061C3471E70026ECC1 /* Tips Calculator */;
			targetProxy = 633AE0271C3471E80026ECC1 /* PBXContainerItemProxy */;
		};
/* End PBXTargetDependency section */

/* Begin PBXVariantGroup section */
		633AE00E1C3471E80026ECC1 /* Main.storyboard */ = {
			isa = PBXVariantGroup;
			children = (
				633AE00F1C3471E80026ECC1 /* Base */,
			);
			name = Main.storyboard;
			sourceTree = "<group>";
		};
		633AE0131C3471E80026ECC1 /* LaunchScreen.storyboard */ = {
			isa = PBXVariantGroup;
			children = (
				633AE0141C3471E80026ECC1 /* Base */,
			);
			name = LaunchScreen.storyboard;
			sourceTree = "<group>";
		};
/* End PBXVariantGroup section */

/* Begin XCBuildConfiguration section */
		633AE02D1C3471E80026ECC1 /* Debug */ = {
			isa = XCBuildConfiguration;
			buildSettings = {
				ALWAYS_SEARCH_USER_PATHS = NO;
				CLANG_CXX_LANGUAGE_STANDARD = "gnu++0x";
				CLANG_CXX_LIBRARY = "libc++";
				CLANG_ENABLE_MODULES = YES;
				CLANG_ENABLE_OBJC_ARC = YES;
				CLANG_WARN_BOOL_CONVERSION = YES;
				CLANG_WARN_CONSTANT_CONVERSION = YES;
				CLANG_WARN_DIRECT_OBJC_ISA_USAGE = YES_ERROR;
				CLANG_WARN_EMPTY_BODY = YES;
				CLANG_WARN_ENUM_CONVERSION = YES;
				CLANG_WARN_INT_CONVERSION = YES;
				CLANG_WARN_OBJC_ROOT_CLASS = YES_ERROR;
				CLANG_WARN_UNREACHABLE_CODE = YES;
				CLANG_WARN__DUPLICATE_METHOD_MATCH = YES;
				"CODE_SIGN_IDENTITY[sdk=iphoneos*]" = "iPhone Developer";
				COPY_PHASE_STRIP = NO;
				DEBUG_INFORMATION_FORMAT = dwarf;
				ENABLE_STRICT_OBJC_MSGSEND = YES;
				ENABLE_TESTABILITY = YES;
				GCC_C_LANGUAGE_STANDARD = gnu99;
				GCC_DYNAMIC_NO_PIC = NO;
				GCC_NO_COMMON_BLOCKS = YES;
				GCC_OPTIMIZATION_LEVEL = 0;
				GCC_PREPROCESSOR_DEFINITIONS = (
					"DEBUG=1",
					"$(inherited)",
				);
				GCC_WARN_64_TO_32_BIT_CONVERSION = YES;
				GCC_WARN_ABOUT_RETURN_TYPE = YES_ERROR;
				GCC_WARN_UNDECLARED_SELECTOR = YES;
				GCC_WARN_UNINITIALIZED_AUTOS = YES_AGGRESSIVE;
				GCC_WARN_UNUSED_FUNCTION = YES;
				GCC_WARN_UNUSED_VARIABLE = YES;
				IPHONEOS_DEPLOYMENT_TARGET = 9.2;
				MTL_ENABLE_DEBUG_INFO = YES;
				ONLY_ACTIVE_ARCH = YES;
				SDKROOT = iphoneos;
				SWIFT_OPTIMIZATION_LEVEL = "-Onone";
				TARGETED_DEVICE_FAMILY = "1,2";
			};
			name = Debug;
		};
		633AE02E1C3471E80026ECC1 /* Release */ = {
			isa = XCBuildConfiguration;
			buildSettings = {
				ALWAYS_SEARCH_USER_PATHS = NO;
				CLANG_CXX_LANGUAGE_STANDARD = "gnu++0x";
				CLANG_CXX_LIBRARY = "libc++";
				CLANG_ENABLE_MODULES = YES;
				CLANG_ENABLE_OBJC_ARC = YES;
				CLANG_WARN_BOOL_CONVERSION = YES;
				CLANG_WARN_CONSTANT_CONVERSION = YES;
				CLANG_WARN_DIRECT_OBJC_ISA_USAGE = YES_ERROR;
				CLANG_WARN_EMPTY_BODY = YES;
				CLANG_WARN_ENUM_CONVERSION = YES;
				CLANG_WARN_INT_CONVERSION = YES;
				CLANG_WARN_OBJC_ROOT_CLASS = YES_ERROR;
				CLANG_WARN_UNREACHABLE_CODE = YES;
				CLANG_WARN__DUPLICATE_METHOD_MATCH = YES;
				"CODE_SIGN_IDENTITY[sdk=iphoneos*]" = "iPhone Developer";
				COPY_PHASE_STRIP = NO;
				DEBUG_INFORMATION_FORMAT = "dwarf-with-dsym";
				ENABLE_NS_ASSERTIONS = NO;
				ENABLE_STRICT_OBJC_MSGSEND = YES;
				GCC_C_LANGUAGE_STANDARD = gnu99;
				GCC_NO_COMMON_BLOCKS = YES;
				GCC_WARN_64_TO_32_BIT_CONVERSION = YES;
				GCC_WARN_ABOUT_RETURN_TYPE = YES_ERROR;
				GCC_WARN_UNDECLARED_SELECTOR = YES;
				GCC_WARN_UNINITIALIZED_AUTOS = YES_AGGRESSIVE;
				GCC_WARN_UNUSED_FUNCTION = YES;
				GCC_WARN_UNUSED_VARIABLE = YES;
				IPHONEOS_DEPLOYMENT_TARGET = 9.2;
				MTL_ENABLE_DEBUG_INFO = NO;
				SDKROOT = iphoneos;
				TARGETED_DEVICE_FAMILY = "1,2";
				VALIDATE_PRODUCT = YES;
			};
			name = Release;
		};
		633AE0301C3471E80026ECC1 /* Debug */ = {
			isa = XCBuildConfiguration;
			buildSettings = {
				ASSETCATALOG_COMPILER_APPICON_NAME = AppIcon;
				INFOPLIST_FILE = "Tips Calculator/Info.plist";
				LD_RUNPATH_SEARCH_PATHS = "$(inherited) @executable_path/Frameworks";
				PRODUCT_BUNDLE_IDENTIFIER = "com-Codepath.Tips-Calculator";
				PRODUCT_NAME = "$(TARGET_NAME)";
			};
			name = Debug;
		};
		633AE0311C3471E80026ECC1 /* Release */ = {
			isa = XCBuildConfiguration;
			buildSettings = {
				ASSETCATALOG_COMPILER_APPICON_NAME = AppIcon;
				INFOPLIST_FILE = "Tips Calculator/Info.plist";
				LD_RUNPATH_SEARCH_PATHS = "$(inherited) @executable_path/Frameworks";
				PRODUCT_BUNDLE_IDENTIFIER = "com-Codepath.Tips-Calculator";
				PRODUCT_NAME = "$(TARGET_NAME)";
			};
			name = Release;
		};
		633AE0331C3471E80026ECC1 /* Debug */ = {
			isa = XCBuildConfiguration;
			buildSettings = {
				BUNDLE_LOADER = "$(TEST_HOST)";
				INFOPLIST_FILE = "Tips CalculatorTests/Info.plist";
				LD_RUNPATH_SEARCH_PATHS = "$(inherited) @executable_path/Frameworks @loader_path/Frameworks";
				PRODUCT_BUNDLE_IDENTIFIER = "com-Codepath.Tips-CalculatorTests";
				PRODUCT_NAME = "$(TARGET_NAME)";
				TEST_HOST = "$(BUILT_PRODUCTS_DIR)/Tips Calculator.app/Tips Calculator";
			};
			name = Debug;
		};
		633AE0341C3471E80026ECC1 /* Release */ = {
			isa = XCBuildConfiguration;
			buildSettings = {
				BUNDLE_LOADER = "$(TEST_HOST)";
				INFOPLIST_FILE = "Tips CalculatorTests/Info.plist";
				LD_RUNPATH_SEARCH_PATHS = "$(inherited) @executable_path/Frameworks @loader_path/Frameworks";
				PRODUCT_BUNDLE_IDENTIFIER = "com-Codepath.Tips-CalculatorTests";
				PRODUCT_NAME = "$(TARGET_NAME)";
				TEST_HOST = "$(BUILT_PRODUCTS_DIR)/Tips Calculator.app/Tips Calculator";
			};
			name = Release;
		};
		633AE0361C3471E80026ECC1 /* Debug */ = {
			isa = XCBuildConfiguration;
			buildSettings = {
				INFOPLIST_FILE = "Tips CalculatorUITests/Info.plist";
				LD_RUNPATH_SEARCH_PATHS = "$(inherited) @executable_path/Frameworks @loader_path/Frameworks";
				PRODUCT_BUNDLE_IDENTIFIER = "com-Codepath.Tips-CalculatorUITests";
				PRODUCT_NAME = "$(TARGET_NAME)";
				TEST_TARGET_NAME = "Tips Calculator";
				USES_XCTRUNNER = YES;
			};
			name = Debug;
		};
		633AE0371C3471E80026ECC1 /* Release */ = {
			isa = XCBuildConfiguration;
			buildSettings = {
				INFOPLIST_FILE = "Tips CalculatorUITests/Info.plist";
				LD_RUNPATH_SEARCH_PATHS = "$(inherited) @executable_path/Frameworks @loader_path/Frameworks";
				PRODUCT_BUNDLE_IDENTIFIER = "com-Codepath.Tips-CalculatorUITests";
				PRODUCT_NAME = "$(TARGET_NAME)";
				TEST_TARGET_NAME = "Tips Calculator";
				USES_XCTRUNNER = YES;
			};
			name = Release;
		};
/* End XCBuildConfiguration section */

/* Begin XCConfigurationList section */
		633AE0021C3471E70026ECC1 /* Build configuration list for PBXProject "Tips Calculator" */ = {
			isa = XCConfigurationList;
			buildConfigurations = (
				633AE02D1C3471E80026ECC1 /* Debug */,
				633AE02E1C3471E80026ECC1 /* Release */,
			);
			defaultConfigurationIsVisible = 0;
			defaultConfigurationName = Release;
		};
		633AE02F1C3471E80026ECC1 /* Build configuration list for PBXNativeTarget "Tips Calculator" */ = {
			isa = XCConfigurationList;
			buildConfigurations = (
				633AE0301C3471E80026ECC1 /* Debug */,
				633AE0311C3471E80026ECC1 /* Release */,
			);
			defaultConfigurationIsVisible = 0;
		};
		633AE0321C3471E80026ECC1 /* Build configuration list for PBXNativeTarget "Tips CalculatorTests" */ = {
			isa = XCConfigurationList;
			buildConfigurations = (
				633AE0331C3471E80026ECC1 /* Debug */,
				633AE0341C3471E80026ECC1 /* Release */,
			);
			defaultConfigurationIsVisible = 0;
		};
		633AE0351C3471E80026ECC1 /* Build configuration list for PBXNativeTarget "Tips CalculatorUITests" */ = {
			isa = XCConfigurationList;
			buildConfigurations = (
				633AE0361C3471E80026ECC1 /* Debug */,
				633AE0371C3471E80026ECC1 /* Release */,
			);
			defaultConfigurationIsVisible = 0;
		};
/* End XCConfigurationList section */
	};
	rootObject = 633ADFFF1C3471E70026ECC1 /* Project object */;
}
